{
  "scaffold": {
    "workspace": {
      "root": [
        "config",
        "documents",
        "spreadsheets",
        "emails",
        "images",
        "scripts",
        "about_this_workspace.md"
      ],
      "config": {
        "files": [
          "logging.json"
        ]
      }
    }
  },
  "generated_by": "george.bennett",
  "generated_at": "2025-07-22T09:05:15.643430+00:00"
}