version = 1
revision = 2
requires-python = ">=3.7"

[[package]]
name = "filelock"
version = "3.12.2"
source = { registry = "https://pypi.org/simple" }
sdist = { url = "https://files.pythonhosted.org/packages/00/0b/c506e9e44e4c4b6c89fcecda23dc115bf8e7ff7eb127e0cb9c114cbc9a15/filelock-3.12.2.tar.gz", hash = "sha256:002740518d8aa59a26b0c76e10fb8c6e15eae825d34b6fdf670333fd7b938d81", size = 12441, upload-time = "2023-06-12T22:02:09.617Z" }
wheels = [
    { url = "https://files.pythonhosted.org/packages/00/45/ec3407adf6f6b5bf867a4462b2b0af27597a26bd3cd6e2534cb6ab029938/filelock-3.12.2-py3-none-any.whl", hash = "sha256:cbb791cdea2a72f23da6ac5b5269ab0a0d161e9ef0100e653b69049a7706d1ec", size = 10923, upload-time = "2023-06-12T22:02:08.03Z" },
]

[[package]]
name = "pr-properties"
version = "1.8.5"
source = { editable = "." }
dependencies = [
    { name = "filelock" },
]

[package.metadata]
requires-dist = [{ name = "filelock", specifier = "==3.12.2" }]

[package.metadata.requires-dev]
dev = []
